
Microsoft Visual Studio Solution File, Format Version 12.00
# Visual Studio Version 16
VisualStudioVersion = 16.0.31321.278
MinimumVisualStudioVersion = 10.0.40219.1
Project("{FAE04EC0-301F-11D3-BF4B-00C04F79EFBC}") = "RecruitingApp.Android", "RecruitingApp\RecruitingApp.Android\RecruitingApp.Android.csproj", "{BC657E6D-EBA1-45E3-AD73-62E878B05DD5}"
EndProject
Project("{FAE04EC0-301F-11D3-BF4B-00C04F79EFBC}") = "RecruitingApp.iOS", "RecruitingApp\RecruitingApp.iOS\RecruitingApp.iOS.csproj", "{26D5000E-ED7B-4D17-81E8-878B53C002A6}"
EndProject
Project("{FAE04EC0-301F-11D3-BF4B-00C04F79EFBC}") = "RecruitingApp", "RecruitingApp\RecruitingApp\RecruitingApp.csproj", "{E49F3A94-9E77-4161-BEC0-F2187315B9CB}"
EndProject
Global
	GlobalSection(SolutionConfigurationPlatforms) = preSolution
		Debug|Any CPU = Debug|Any CPU
		Debug|iPhone = Debug|iPhone
		Debug|iPhoneSimulator = Debug|iPhoneSimulator
		Release|Any CPU = Release|Any CPU
		Release|iPhone = Release|iPhone
		Release|iPhoneSimulator = Release|iPhoneSimulator
	EndGlobalSection
	GlobalSection(ProjectConfigurationPlatforms) = postSolution
		{BC657E6D-EBA1-45E3-AD73-62E878B05DD5}.Debug|Any CPU.ActiveCfg = Debug|Any CPU
		{BC657E6D-EBA1-45E3-AD73-62E878B05DD5}.Debug|Any CPU.Build.0 = Debug|Any CPU
		{BC657E6D-EBA1-45E3-AD73-62E878B05DD5}.Debug|Any CPU.Deploy.0 = Debug|Any CPU
		{BC657E6D-EBA1-45E3-AD73-62E878B05DD5}.Debug|iPhone.ActiveCfg = Debug|Any CPU
		{BC657E6D-EBA1-45E3-AD73-62E878B05DD5}.Debug|iPhone.Build.0 = Debug|Any CPU
		{BC657E6D-EBA1-45E3-AD73-62E878B05DD5}.Debug|iPhone.Deploy.0 = Debug|Any CPU
		{BC657E6D-EBA1-45E3-AD73-62E878B05DD5}.Debug|iPhoneSimulator.ActiveCfg = Debug|Any CPU
		{BC657E6D-EBA1-45E3-AD73-62E878B05DD5}.Debug|iPhoneSimulator.Build.0 = Debug|Any CPU
		{BC657E6D-EBA1-45E3-AD73-62E878B05DD5}.Debug|iPhoneSimulator.Deploy.0 = Debug|Any CPU
		{BC657E6D-EBA1-45E3-AD73-62E878B05DD5}.Release|Any CPU.ActiveCfg = Release|Any CPU
		{BC657E6D-EBA1-45E3-AD73-62E878B05DD5}.Release|Any CPU.Build.0 = Release|Any CPU
		{BC657E6D-EBA1-45E3-AD73-62E878B05DD5}.Release|Any CPU.Deploy.0 = Release|Any CPU
		{BC657E6D-EBA1-45E3-AD73-62E878B05DD5}.Release|iPhone.ActiveCfg = Release|Any CPU
		{BC657E6D-EBA1-45E3-AD73-62E878B05DD5}.Release|iPhone.Build.0 = Release|Any CPU
		{BC657E6D-EBA1-45E3-AD73-62E878B05DD5}.Release|iPhone.Deploy.0 = Release|Any CPU
		{BC657E6D-EBA1-45E3-AD73-62E878B05DD5}.Release|iPhoneSimulator.ActiveCfg = Release|Any CPU
		{BC657E6D-EBA1-45E3-AD73-62E878B05DD5}.Release|iPhoneSimulator.Build.0 = Release|Any CPU
		{BC657E6D-EBA1-45E3-AD73-62E878B05DD5}.Release|iPhoneSimulator.Deploy.0 = Release|Any CPU
		{26D5000E-ED7B-4D17-81E8-878B53C002A6}.Debug|Any CPU.ActiveCfg = Debug|iPhone
		{26D5000E-ED7B-4D17-81E8-878B53C002A6}.Debug|Any CPU.Build.0 = Debug|iPhone
		{26D5000E-ED7B-4D17-81E8-878B53C002A6}.Debug|Any CPU.Deploy.0 = Debug|iPhone
		{26D5000E-ED7B-4D17-81E8-878B53C002A6}.Debug|iPhone.ActiveCfg = Debug|iPhone
		{26D5000E-ED7B-4D17-81E8-878B53C002A6}.Debug|iPhone.Build.0 = Debug|iPhone
		{26D5000E-ED7B-4D17-81E8-878B53C002A6}.Debug|iPhone.Deploy.0 = Debug|iPhone
		{26D5000E-ED7B-4D17-81E8-878B53C002A6}.Debug|iPhoneSimulator.ActiveCfg = Debug|iPhoneSimulator
		{26D5000E-ED7B-4D17-81E8-878B53C002A6}.Debug|iPhoneSimulator.Build.0 = Debug|iPhoneSimulator
		{26D5000E-ED7B-4D17-81E8-878B53C002A6}.Debug|iPhoneSimulator.Deploy.0 = Debug|iPhoneSimulator
		{26D5000E-ED7B-4D17-81E8-878B53C002A6}.Release|Any CPU.ActiveCfg = Release|iPhoneSimulator
		{26D5000E-ED7B-4D17-81E8-878B53C002A6}.Release|Any CPU.Build.0 = Release|iPhoneSimulator
		{26D5000E-ED7B-4D17-81E8-878B53C002A6}.Release|Any CPU.Deploy.0 = Release|iPhoneSimulator
		{26D5000E-ED7B-4D17-81E8-878B53C002A6}.Release|iPhone.ActiveCfg = Release|iPhone
		{26D5000E-ED7B-4D17-81E8-878B53C002A6}.Release|iPhone.Build.0 = Release|iPhone
		{26D5000E-ED7B-4D17-81E8-878B53C002A6}.Release|iPhone.Deploy.0 = Release|iPhone
		{26D5000E-ED7B-4D17-81E8-878B53C002A6}.Release|iPhoneSimulator.ActiveCfg = Release|iPhoneSimulator
		{26D5000E-ED7B-4D17-81E8-878B53C002A6}.Release|iPhoneSimulator.Build.0 = Release|iPhoneSimulator
		{26D5000E-ED7B-4D17-81E8-878B53C002A6}.Release|iPhoneSimulator.Deploy.0 = Release|iPhoneSimulator
		{E49F3A94-9E77-4161-BEC0-F2187315B9CB}.Debug|Any CPU.ActiveCfg = Debug|Any CPU
		{E49F3A94-9E77-4161-BEC0-F2187315B9CB}.Debug|Any CPU.Build.0 = Debug|Any CPU
		{E49F3A94-9E77-4161-BEC0-F2187315B9CB}.Debug|Any CPU.Deploy.0 = Debug|Any CPU
		{E49F3A94-9E77-4161-BEC0-F2187315B9CB}.Debug|iPhone.ActiveCfg = Debug|Any CPU
		{E49F3A94-9E77-4161-BEC0-F2187315B9CB}.Debug|iPhone.Build.0 = Debug|Any CPU
		{E49F3A94-9E77-4161-BEC0-F2187315B9CB}.Debug|iPhone.Deploy.0 = Debug|Any CPU
		{E49F3A94-9E77-4161-BEC0-F2187315B9CB}.Debug|iPhoneSimulator.ActiveCfg = Debug|Any CPU
		{E49F3A94-9E77-4161-BEC0-F2187315B9CB}.Debug|iPhoneSimulator.Build.0 = Debug|Any CPU
		{E49F3A94-9E77-4161-BEC0-F2187315B9CB}.Debug|iPhoneSimulator.Deploy.0 = Debug|Any CPU
		{E49F3A94-9E77-4161-BEC0-F2187315B9CB}.Release|Any CPU.ActiveCfg = Release|Any CPU
		{E49F3A94-9E77-4161-BEC0-F2187315B9CB}.Release|Any CPU.Build.0 = Release|Any CPU
		{E49F3A94-9E77-4161-BEC0-F2187315B9CB}.Release|Any CPU.Deploy.0 = Release|Any CPU
		{E49F3A94-9E77-4161-BEC0-F2187315B9CB}.Release|iPhone.ActiveCfg = Release|Any CPU
		{E49F3A94-9E77-4161-BEC0-F2187315B9CB}.Release|iPhone.Build.0 = Release|Any CPU
		{E49F3A94-9E77-4161-BEC0-F2187315B9CB}.Release|iPhone.Deploy.0 = Release|Any CPU
		{E49F3A94-9E77-4161-BEC0-F2187315B9CB}.Release|iPhoneSimulator.ActiveCfg = Release|Any CPU
		{E49F3A94-9E77-4161-BEC0-F2187315B9CB}.Release|iPhoneSimulator.Build.0 = Release|Any CPU
		{E49F3A94-9E77-4161-BEC0-F2187315B9CB}.Release|iPhoneSimulator.Deploy.0 = Release|Any CPU
	EndGlobalSection
	GlobalSection(SolutionProperties) = preSolution
		HideSolutionNode = FALSE
	EndGlobalSection
	GlobalSection(ExtensibilityGlobals) = postSolution
		SolutionGuid = {7AFAC4B3-8D34-45FB-AD70-9EBD4BDECE6B}
	EndGlobalSection
EndGlobal
